
Microsoft Visual Studio Solution File, Format Version 12.00
# Visual Studio Version 17
VisualStudioVersion = 17.4.33213.308
MinimumVisualStudioVersion = 10.0.40219.1
Project("{8BC9CEB8-8B4A-11D0-8D11-00A0C91BC942}") = "Algoritmo_de_Huffman", "Algoritmo_de_Huffman\Algoritmo_de_Huffman.vcxproj", "{B8DC8C73-6049-4B98-81D7-1FF8DE426A08}"
EndProject
Global
	GlobalSection(SolutionConfigurationPlatforms) = preSolution
		Debug|x64 = Debug|x64
		Debug|x86 = Debug|x86
		Release|x64 = Release|x64
		Release|x86 = Release|x86
	EndGlobalSection
	GlobalSection(ProjectConfigurationPlatforms) = postSolution
		{B8DC8C73-6049-4B98-81D7-1FF8DE426A08}.Debug|x64.ActiveCfg = Debug|x64
		{B8DC8C73-6049-4B98-81D7-1FF8DE426A08}.Debug|x64.Build.0 = Debug|x64
		{B8DC8C73-6049-4B98-81D7-1FF8DE426A08}.Debug|x86.ActiveCfg = Debug|Win32
		{B8DC8C73-6049-4B98-81D7-1FF8DE426A08}.Debug|x86.Build.0 = Debug|Win32
		{B8DC8C73-6049-4B98-81D7-1FF8DE426A08}.Release|x64.ActiveCfg = Release|x64
		{B8DC8C73-6049-4B98-81D7-1FF8DE426A08}.Release|x64.Build.0 = Release|x64
		{B8DC8C73-6049-4B98-81D7-1FF8DE426A08}.Release|x86.ActiveCfg = Release|Win32
		{B8DC8C73-6049-4B98-81D7-1FF8DE426A08}.Release|x86.Build.0 = Release|Win32
	EndGlobalSection
	GlobalSection(SolutionProperties) = preSolution
		HideSolutionNode = FALSE
	EndGlobalSection
	GlobalSection(ExtensibilityGlobals) = postSolution
		SolutionGuid = {C01544F7-E755-44A0-889C-3D5C27F8B574}
	EndGlobalSection
EndGlobal
